Microsoft Visual Studio Solution File, Format Version 12.00
# Visual Studio 2012
Project("{FAE04EC0-301F-11D3-BF4B-00C04F79EFBC}") = "godot-cli-parser", "godot-cli-parser.csproj", "{B6F93F19-7A88-4FB6-BC45-CD4C37A579CB}"
EndProject
Global
	GlobalSection(SolutionConfigurationPlatforms) = preSolution
	Debug|Any CPU = Debug|Any CPU
	ExportDebug|Any CPU = ExportDebug|Any CPU
	ExportRelease|Any CPU = ExportRelease|Any CPU
	EndGlobalSection
	GlobalSection(ProjectConfigurationPlatforms) = postSolution
		{B6F93F19-7A88-4FB6-BC45-CD4C37A579CB}.Debug|Any CPU.ActiveCfg = Debug|Any CPU
		{B6F93F19-7A88-4FB6-BC45-CD4C37A579CB}.Debug|Any CPU.Build.0 = Debug|Any CPU
		{B6F93F19-7A88-4FB6-BC45-CD4C37A579CB}.ExportDebug|Any CPU.ActiveCfg = ExportDebug|Any CPU
		{B6F93F19-7A88-4FB6-BC45-CD4C37A579CB}.ExportDebug|Any CPU.Build.0 = ExportDebug|Any CPU
		{B6F93F19-7A88-4FB6-BC45-CD4C37A579CB}.ExportRelease|Any CPU.ActiveCfg = ExportRelease|Any CPU
		{B6F93F19-7A88-4FB6-BC45-CD4C37A579CB}.ExportRelease|Any CPU.Build.0 = ExportRelease|Any CPU
	EndGlobalSection
EndGlobal
